%{
  "bunch": {:hex, :bunch, "0.2.0", "dd9b1bc4603582c1fc3e27aaeb9c74181395ba67d3cfd7dbde9a41cc7383f954", [:mix], [], "hexpm"},
  "bunch_native": {:hex, :bunch_native, "0.1.1", "9895b2cf5e5c6847af5de80c8d485ea9c69021a21e74c7237ab64e7a225c06c2", [:mix], [{:bundlex, "~> 0.1", [hex: :bundlex, repo: "hexpm", optional: false]}], "hexpm"},
  "bundlex": {:hex, :bundlex, "0.1.7", "460a93823fdfdae1202c0f9fa45f9a5bcfdf3a371e238dcac4e24744e1d2ee7a", [:mix], [{:bunch, "~> 0.2", [hex: :bunch, repo: "hexpm", optional: false]}], "hexpm"},
  "certifi": {:hex, :certifi, "2.5.1", "867ce347f7c7d78563450a18a6a28a8090331e77fa02380b4a21962a65d36ee5", [:rebar3], [{:parse_trans, "~>3.3", [hex: :parse_trans, repo: "hexpm", optional: false]}], "hexpm"},
  "coverex": {:hex, :coverex, "1.4.15", "60fadf825a6c0439b79d1f98cdb54b6733cdd5cb1b35d15d56026c44ed15a5a8", [:mix], [{:hackney, "~> 1.5", [hex: :hackney, repo: "hexpm", optional: false]}, {:poison, "~> 1.5 or ~> 2.0 or ~> 3.0", [hex: :poison, repo: "hexpm", optional: false]}], "hexpm"},
  "dialyxir": {:hex, :dialyxir, "1.0.0-rc.4", "71b42f5ee1b7628f3e3a6565f4617dfb02d127a0499ab3e72750455e986df001", [:mix], [{:erlex, "~> 0.1", [hex: :erlex, repo: "hexpm", optional: false]}], "hexpm"},
  "earmark": {:hex, :earmark, "1.3.1", "73812f447f7a42358d3ba79283cfa3075a7580a3a2ed457616d6517ac3738cb9", [:mix], [], "hexpm"},
  "erlex": {:hex, :erlex, "0.1.6", "c01c889363168d3fdd23f4211647d8a34c0f9a21ec726762312e08e083f3d47e", [:mix], [], "hexpm"},
  "ex_doc": {:hex, :ex_doc, "0.19.2", "6f4081ccd9ed081b6dc0bd5af97a41e87f5554de469e7d76025fba535180565f", [:mix], [{:earmark, "~> 1.2", [hex: :earmark, repo: "hexpm", optional: false]}, {:makeup_elixir, "~> 0.10", [hex: :makeup_elixir, repo: "hexpm", optional: false]}], "hexpm"},
  "hackney": {:hex, :hackney, "1.15.1", "9f8f471c844b8ce395f7b6d8398139e26ddca9ebc171a8b91342ee15a19963f4", [:rebar3], [{:certifi, "2.5.1", [hex: :certifi, repo: "hexpm", optional: false]}, {:idna, "6.0.0", [hex: :idna, repo: "hexpm", optional: false]}, {:metrics, "1.0.1", [hex: :metrics, repo: "hexpm", optional: false]}, {:mimerl, "~>1.1", [hex: :mimerl, repo: "hexpm", optional: false]}, {:ssl_verify_fun, "1.1.4", [hex: :ssl_verify_fun, repo: "hexpm", optional: false]}], "hexpm"},
  "idna": {:hex, :idna, "6.0.0", "689c46cbcdf3524c44d5f3dde8001f364cd7608a99556d8fbd8239a5798d4c10", [:rebar3], [{:unicode_util_compat, "0.4.1", [hex: :unicode_util_compat, repo: "hexpm", optional: false]}], "hexpm"},
  "makeup": {:hex, :makeup, "0.8.0", "9cf32aea71c7fe0a4b2e9246c2c4978f9070257e5c9ce6d4a28ec450a839b55f", [:mix], [{:nimble_parsec, "~> 0.5.0", [hex: :nimble_parsec, repo: "hexpm", optional: false]}], "hexpm"},
  "makeup_elixir": {:hex, :makeup_elixir, "0.13.0", "be7a477997dcac2e48a9d695ec730b2d22418292675c75aa2d34ba0909dcdeda", [:mix], [{:makeup, "~> 0.8", [hex: :makeup, repo: "hexpm", optional: false]}], "hexpm"},
  "membrane_caps_rtp": {:git, "https://github.com/membraneframework/membrane-caps-rtp.git", "22865895f268319e6b003b3ad77aa5e4d3cc6008", []},
  "membrane_caps_video_h264": {:hex, :membrane_caps_video_h264, "0.1.0", "d10eb30fdc00175aaeb4bb0d5cb4c031cc319e29330b5585bef2044352161584", [:mix], [], "hexpm"},
  "membrane_common_c": {:hex, :membrane_common_c, "0.2.1", "a436baefab1a1af68366bf8509a2f91dd1c14e629ca97dd09d394bec115e6853", [:mix], [{:bundlex, "~> 0.1.3", [hex: :bundlex, repo: "hexpm", optional: false]}, {:membrane_core, "~> 0.2.0", [hex: :membrane_core, repo: "hexpm", optional: false]}, {:shmex, "~> 0.1.3", [hex: :shmex, repo: "hexpm", optional: false]}, {:unifex, "~> 0.2.0", [hex: :unifex, repo: "hexpm", optional: false]}], "hexpm"},
  "membrane_core": {:hex, :membrane_core, "0.2.1", "47eb5b377cd60777723490afb934732fa4018d2b20c20193b4f25ff606ca05fe", [:mix], [{:bunch, "~> 0.2.0", [hex: :bunch, repo: "hexpm", optional: false]}, {:qex, "~> 0.3", [hex: :qex, repo: "hexpm", optional: false]}], "hexpm"},
  "membrane_loggers": {:hex, :membrane_loggers, "0.2.2", "a602ef573342889a0a12d59ce1a44ed84b9b8a6be5b72bbb54ac9d78c90eb80c", [:mix], [{:bunch, "~> 0.2", [hex: :bunch, repo: "hexpm", optional: false]}, {:bunch_native, "~> 0.1", [hex: :bunch_native, repo: "hexpm", optional: false]}, {:bundlex, "~> 0.1.5", [hex: :bundlex, repo: "hexpm", optional: false]}, {:membrane_common_c, "~> 0.2.0", [hex: :membrane_common_c, repo: "hexpm", optional: false]}, {:membrane_core, "~> 0.2.0", [hex: :membrane_core, repo: "hexpm", optional: false]}], "hexpm"},
  "metrics": {:hex, :metrics, "1.0.1", "25f094dea2cda98213cecc3aeff09e940299d950904393b2a29d191c346a8486", [:rebar3], [], "hexpm"},
  "mimerl": {:hex, :mimerl, "1.2.0", "67e2d3f571088d5cfd3e550c383094b47159f3eee8ffa08e64106cdf5e981be3", [:rebar3], [], "hexpm"},
  "nimble_parsec": {:hex, :nimble_parsec, "0.5.0", "90e2eca3d0266e5c53f8fbe0079694740b9c91b6747f2b7e3c5d21966bba8300", [:mix], [], "hexpm"},
  "parse_trans": {:hex, :parse_trans, "3.3.0", "09765507a3c7590a784615cfd421d101aec25098d50b89d7aa1d66646bc571c1", [:rebar3], [], "hexpm"},
  "poison": {:hex, :poison, "3.1.0", "d9eb636610e096f86f25d9a46f35a9facac35609a7591b3be3326e99a0484665", [:mix], [], "hexpm"},
  "qex": {:hex, :qex, "0.5.0", "5a3a9becf67d4006377c4c247ffdaaa8ae5b3634a0caadb788dc24d6125068f4", [:mix], [], "hexpm"},
  "shmex": {:hex, :shmex, "0.1.4", "77ede75ab2bdd5990807ec6c65055168bbf8a96b2ce52224c2be66a1804ac56f", [:mix], [{:bunch, "~> 0.1", [hex: :bunch, repo: "hexpm", optional: false]}, {:bunch_native, "~> 0.1", [hex: :bunch_native, repo: "hexpm", optional: false]}, {:bundlex, "~> 0.1.3", [hex: :bundlex, repo: "hexpm", optional: false]}], "hexpm"},
  "ssl_verify_fun": {:hex, :ssl_verify_fun, "1.1.4", "f0eafff810d2041e93f915ef59899c923f4568f4585904d010387ed74988e77b", [:make, :mix, :rebar3], [], "hexpm"},
  "unicode_util_compat": {:hex, :unicode_util_compat, "0.4.1", "d869e4c68901dd9531385bb0c8c40444ebf624e60b6962d95952775cac5e90cd", [:rebar3], [], "hexpm"},
  "unifex": {:hex, :unifex, "0.2.2", "b3ab0c7a027e2d17ce58a516bf76d950a5343e88b07305e6538369a4133f135d", [:mix], [{:bunch, "~> 0.1", [hex: :bunch, repo: "hexpm", optional: false]}, {:bundlex, "~> 0.1.5", [hex: :bundlex, repo: "hexpm", optional: false]}, {:shmex, "~> 0.1.3", [hex: :shmex, repo: "hexpm", optional: false]}], "hexpm"},
}
